
Microsoft Visual Studio Solution File, Format Version 12.00
# Visual Studio Version 17
VisualStudioVersion = 17.0.31903.59
MinimumVisualStudioVersion = 10.0.40219.1
Project("{FAE04EC0-301F-11D3-BF4B-00C04F79EFBC}") = "TomasDanceSite.Domain", "TomasDanceSite.Domain\TomasDanceSite.Domain.csproj", "{E64B51FC-A916-4D18-86D4-0093AD49F01A}"
EndProject
Project("{FAE04EC0-301F-11D3-BF4B-00C04F79EFBC}") = "TomasDanceSite.Application", "TomasDanceSite.Application\TomasDanceSite.Application.csproj", "{B60B9D0E-F993-4DF3-9159-123E16CA81CD}"
EndProject
Project("{FAE04EC0-301F-11D3-BF4B-00C04F79EFBC}") = "TomasDanceSite.Infrastructure", "TomasDanceSite.Infrastructure\TomasDanceSite.Infrastructure.csproj", "{ABCF3267-B9EA-49CD-A945-8BDA0483F706}"
EndProject
Project("{FAE04EC0-301F-11D3-BF4B-00C04F79EFBC}") = "TomasDanceSite.Api", "TomasDanceSite.Api\TomasDanceSite.Api.csproj", "{FBB348F9-BDBA-44FC-979C-B6E18E23E10E}"
EndProject
Project("{FAE04EC0-301F-11D3-BF4B-00C04F79EFBC}") = "TomasDanceSite.Tests", "TomasDanceSite.Tests\TomasDanceSite.Tests.csproj", "{D4F4518A-3D65-4BE6-90CF-6BC8A60799AC}"
EndProject
Global
	GlobalSection(SolutionConfigurationPlatforms) = preSolution
		Debug|Any CPU = Debug|Any CPU
		Release|Any CPU = Release|Any CPU
	EndGlobalSection
	GlobalSection(ProjectConfigurationPlatforms) = postSolution
		{E64B51FC-A916-4D18-86D4-0093AD49F01A}.Debug|Any CPU.ActiveCfg = Debug|Any CPU
		{E64B51FC-A916-4D18-86D4-0093AD49F01A}.Debug|Any CPU.Build.0 = Debug|Any CPU
		{E64B51FC-A916-4D18-86D4-0093AD49F01A}.Release|Any CPU.ActiveCfg = Release|Any CPU
		{E64B51FC-A916-4D18-86D4-0093AD49F01A}.Release|Any CPU.Build.0 = Release|Any CPU
		{B60B9D0E-F993-4DF3-9159-123E16CA81CD}.Debug|Any CPU.ActiveCfg = Debug|Any CPU
		{B60B9D0E-F993-4DF3-9159-123E16CA81CD}.Debug|Any CPU.Build.0 = Debug|Any CPU
		{B60B9D0E-F993-4DF3-9159-123E16CA81CD}.Release|Any CPU.ActiveCfg = Release|Any CPU
		{B60B9D0E-F993-4DF3-9159-123E16CA81CD}.Release|Any CPU.Build.0 = Release|Any CPU
		{ABCF3267-B9EA-49CD-A945-8BDA0483F706}.Debug|Any CPU.ActiveCfg = Debug|Any CPU
		{ABCF3267-B9EA-49CD-A945-8BDA0483F706}.Debug|Any CPU.Build.0 = Debug|Any CPU
		{ABCF3267-B9EA-49CD-A945-8BDA0483F706}.Release|Any CPU.ActiveCfg = Release|Any CPU
		{ABCF3267-B9EA-49CD-A945-8BDA0483F706}.Release|Any CPU.Build.0 = Release|Any CPU
		{FBB348F9-BDBA-44FC-979C-B6E18E23E10E}.Debug|Any CPU.ActiveCfg = Debug|Any CPU
		{FBB348F9-BDBA-44FC-979C-B6E18E23E10E}.Debug|Any CPU.Build.0 = Debug|Any CPU
		{FBB348F9-BDBA-44FC-979C-B6E18E23E10E}.Release|Any CPU.ActiveCfg = Release|Any CPU
		{FBB348F9-BDBA-44FC-979C-B6E18E23E10E}.Release|Any CPU.Build.0 = Release|Any CPU
		{D4F4518A-3D65-4BE6-90CF-6BC8A60799AC}.Debug|Any CPU.ActiveCfg = Debug|Any CPU
		{D4F4518A-3D65-4BE6-90CF-6BC8A60799AC}.Debug|Any CPU.Build.0 = Debug|Any CPU
		{D4F4518A-3D65-4BE6-90CF-6BC8A60799AC}.Release|Any CPU.ActiveCfg = Release|Any CPU
		{D4F4518A-3D65-4BE6-90CF-6BC8A60799AC}.Release|Any CPU.Build.0 = Release|Any CPU
	EndGlobalSection
	GlobalSection(SolutionProperties) = preSolution
		HideSolutionNode = FALSE
	EndGlobalSection
EndGlobal
